
Microsoft Visual Studio Solution File, Format Version 12.00
# Visual Studio Version 16
VisualStudioVersion = 16.0.810.19
MinimumVisualStudioVersion = 10.0.40219.1
Project("{FAE04EC0-301F-11D3-BF4B-00C04F79EFBC}") = "reto1", "reto1\reto1.csproj", "{50A5B13A-D708-4D33-A255-EBBD6900B921}"
EndProject
Global
	GlobalSection(SolutionConfigurationPlatforms) = preSolution
		Debug|Any CPU = Debug|Any CPU
		Release|Any CPU = Release|Any CPU
	EndGlobalSection
	GlobalSection(ProjectConfigurationPlatforms) = postSolution
		{50A5B13A-D708-4D33-A255-EBBD6900B921}.Debug|Any CPU.ActiveCfg = Debug|Any CPU
		{50A5B13A-D708-4D33-A255-EBBD6900B921}.Debug|Any CPU.Build.0 = Debug|Any CPU
		{50A5B13A-D708-4D33-A255-EBBD6900B921}.Release|Any CPU.ActiveCfg = Release|Any CPU
		{50A5B13A-D708-4D33-A255-EBBD6900B921}.Release|Any CPU.Build.0 = Release|Any CPU
	EndGlobalSection
	GlobalSection(SolutionProperties) = preSolution
		HideSolutionNode = FALSE
	EndGlobalSection
	GlobalSection(ExtensibilityGlobals) = postSolution
		SolutionGuid = {D64C9263-098B-4737-B811-938685DE9397}
	EndGlobalSection
EndGlobal
